
Microsoft Visual Studio Solution File, Format Version 12.00
# Visual Studio 2012
Project("{FAE04EC0-301F-11D3-BF4B-00C04F79EFBC}") = "Aoide", "Aoide\Aoide.csproj", "{C7A62708-3656-4924-8572-09102613BA18}"
EndProject
Project("{FAE04EC0-301F-11D3-BF4B-00C04F79EFBC}") = "AoideTests", "AoideTests\AoideTests.csproj", "{9ECADEBD-F30B-4A6C-8AD5-A2C4DB4549DD}"
EndProject
Global
	GlobalSection(SolutionConfigurationPlatforms) = preSolution
		Debug|Any CPU = Debug|Any CPU
		Release|Any CPU = Release|Any CPU
	EndGlobalSection
	GlobalSection(ProjectConfigurationPlatforms) = postSolution
		{9ECADEBD-F30B-4A6C-8AD5-A2C4DB4549DD}.Debug|Any CPU.ActiveCfg = Debug|Any CPU
		{9ECADEBD-F30B-4A6C-8AD5-A2C4DB4549DD}.Debug|Any CPU.Build.0 = Debug|Any CPU
		{9ECADEBD-F30B-4A6C-8AD5-A2C4DB4549DD}.Release|Any CPU.ActiveCfg = Release|Any CPU
		{9ECADEBD-F30B-4A6C-8AD5-A2C4DB4549DD}.Release|Any CPU.Build.0 = Release|Any CPU
		{C7A62708-3656-4924-8572-09102613BA18}.Debug|Any CPU.ActiveCfg = Debug|Any CPU
		{C7A62708-3656-4924-8572-09102613BA18}.Debug|Any CPU.Build.0 = Debug|Any CPU
		{C7A62708-3656-4924-8572-09102613BA18}.Release|Any CPU.ActiveCfg = Release|Any CPU
		{C7A62708-3656-4924-8572-09102613BA18}.Release|Any CPU.Build.0 = Release|Any CPU
	EndGlobalSection
EndGlobal
